
Microsoft Visual Studio Solution File, Format Version 12.00
# Visual Studio Version 17
VisualStudioVersion = 17.0.32112.339
MinimumVisualStudioVersion = 10.0.40219.1
Project("{9A19103F-16F7-4668-BE54-9A1E7A4F7556}") = "Totem.Messages", "src\Totem.Messages\Totem.Messages.csproj", "{EA1E9F16-0F32-4DD2-86A5-2EF86E562A72}"
EndProject
Project("{9A19103F-16F7-4668-BE54-9A1E7A4F7556}") = "Totem.Runtime", "src\Totem.Runtime\Totem.Runtime.csproj", "{A9EFF6B1-6EE1-4BD1-9334-BEA6BB5E5852}"
EndProject
Project("{2150E333-8FDC-42A3-9474-1A3956D46DE8}") = "examples", "examples", "{6087B4F6-F466-4C80-8812-132ECF848E3B}"
EndProject
Project("{9A19103F-16F7-4668-BE54-9A1E7A4F7556}") = "Totem.Web", "src\Totem.Web\Totem.Web.csproj", "{36CD6776-1A15-4303-9D13-74B0FEAB6D31}"
EndProject
Project("{9A19103F-16F7-4668-BE54-9A1E7A4F7556}") = "Totem.WebAssembly", "src\Totem.WebAssembly\Totem.WebAssembly.csproj", "{7F530CB4-55BF-4C48-8048-2741685374C0}"
EndProject
Project("{9A19103F-16F7-4668-BE54-9A1E7A4F7556}") = "Totem.Client", "src\Totem.Client\Totem.Client.csproj", "{D310C159-BDD4-4F6B-A241-D39AFB947D28}"
EndProject
Project("{2150E333-8FDC-42A3-9474-1A3956D46DE8}") = "items", "items", "{F2FBA2A8-4E47-4709-828E-0114B25F28AE}"
	ProjectSection(SolutionItems) = preProject
		.editorconfig = .editorconfig
		.gitattributes = .gitattributes
		.gitignore = .gitignore
		license.txt = license.txt
		README.md = README.md
	EndProjectSection
EndProject
Project("{2150E333-8FDC-42A3-9474-1A3956D46DE8}") = "Outermind", "Outermind", "{2FEB06D5-5D0D-4373-88C2-8BFD3C0B9251}"
EndProject
Project("{9A19103F-16F7-4668-BE54-9A1E7A4F7556}") = "Outermind.Messages", "examples\Outermind\src\Outermind.Messages\Outermind.Messages.csproj", "{56A7F0EE-D4CA-409D-AE2B-064780E60BC0}"
EndProject
Project("{9A19103F-16F7-4668-BE54-9A1E7A4F7556}") = "Outermind.Runtime", "examples\Outermind\src\Outermind.Runtime\Outermind.Runtime.csproj", "{976B383B-F2CC-43DB-9746-FB7C81B8C6F8}"
EndProject
Project("{2150E333-8FDC-42A3-9474-1A3956D46DE8}") = "tests", "tests", "{B429459F-5D18-4DE4-8871-10B312D344F1}"
EndProject
Project("{9A19103F-16F7-4668-BE54-9A1E7A4F7556}") = "Outermind.Runtime.Tests", "examples\Outermind\tests\Outermind.Runtime.Tests\Outermind.Runtime.Tests.csproj", "{8D593BC4-AE51-4470-8395-C91BD2776D2D}"
EndProject
Project("{9A19103F-16F7-4668-BE54-9A1E7A4F7556}") = "Totem.Runtime.Testing", "src\Totem.Runtime.Testing\Totem.Runtime.Testing.csproj", "{95CC7CF1-2646-4FE6-A53D-FDF5FDF49E41}"
EndProject
Project("{9A19103F-16F7-4668-BE54-9A1E7A4F7556}") = "Outermind.Web", "examples\Outermind\src\Outermind.Web\Outermind.Web.csproj", "{886A5A50-85E4-4E7B-A3E1-A918AD29BAE1}"
EndProject
Project("{2150E333-8FDC-42A3-9474-1A3956D46DE8}") = "OutermindUI", "OutermindUI", "{789C7EC0-E956-4FD5-8BB3-08F464CD3BC3}"
EndProject
Project("{9A19103F-16F7-4668-BE54-9A1E7A4F7556}") = "OutermindUI.Messages", "examples\OutermindUI\src\OutermindUI.Messages\OutermindUI.Messages.csproj", "{FE18D75F-0C2C-4DAD-82B2-12F28BDD527C}"
EndProject
Project("{9A19103F-16F7-4668-BE54-9A1E7A4F7556}") = "OutermindUI.Runtime", "examples\OutermindUI\src\OutermindUI.Runtime\OutermindUI.Runtime.csproj", "{AF949B9F-EE6D-4D73-8D2E-B6EE97F155AF}"
EndProject
Project("{9A19103F-16F7-4668-BE54-9A1E7A4F7556}") = "OutermindUI.WebAssembly", "examples\OutermindUI\src\OutermindUI.WebAssembly\OutermindUI.WebAssembly.csproj", "{7F92E12F-1E63-4F66-8A46-A79997F6C75A}"
EndProject
Global
	GlobalSection(SolutionConfigurationPlatforms) = preSolution
		Debug|Any CPU = Debug|Any CPU
		Release|Any CPU = Release|Any CPU
	EndGlobalSection
	GlobalSection(ProjectConfigurationPlatforms) = postSolution
		{EA1E9F16-0F32-4DD2-86A5-2EF86E562A72}.Debug|Any CPU.ActiveCfg = Debug|Any CPU
		{EA1E9F16-0F32-4DD2-86A5-2EF86E562A72}.Debug|Any CPU.Build.0 = Debug|Any CPU
		{EA1E9F16-0F32-4DD2-86A5-2EF86E562A72}.Release|Any CPU.ActiveCfg = Release|Any CPU
		{EA1E9F16-0F32-4DD2-86A5-2EF86E562A72}.Release|Any CPU.Build.0 = Release|Any CPU
		{A9EFF6B1-6EE1-4BD1-9334-BEA6BB5E5852}.Debug|Any CPU.ActiveCfg = Debug|Any CPU
		{A9EFF6B1-6EE1-4BD1-9334-BEA6BB5E5852}.Debug|Any CPU.Build.0 = Debug|Any CPU
		{A9EFF6B1-6EE1-4BD1-9334-BEA6BB5E5852}.Release|Any CPU.ActiveCfg = Release|Any CPU
		{A9EFF6B1-6EE1-4BD1-9334-BEA6BB5E5852}.Release|Any CPU.Build.0 = Release|Any CPU
		{36CD6776-1A15-4303-9D13-74B0FEAB6D31}.Debug|Any CPU.ActiveCfg = Debug|Any CPU
		{36CD6776-1A15-4303-9D13-74B0FEAB6D31}.Debug|Any CPU.Build.0 = Debug|Any CPU
		{36CD6776-1A15-4303-9D13-74B0FEAB6D31}.Release|Any CPU.ActiveCfg = Release|Any CPU
		{36CD6776-1A15-4303-9D13-74B0FEAB6D31}.Release|Any CPU.Build.0 = Release|Any CPU
		{7F530CB4-55BF-4C48-8048-2741685374C0}.Debug|Any CPU.ActiveCfg = Debug|Any CPU
		{7F530CB4-55BF-4C48-8048-2741685374C0}.Debug|Any CPU.Build.0 = Debug|Any CPU
		{7F530CB4-55BF-4C48-8048-2741685374C0}.Release|Any CPU.ActiveCfg = Release|Any CPU
		{7F530CB4-55BF-4C48-8048-2741685374C0}.Release|Any CPU.Build.0 = Release|Any CPU
		{D310C159-BDD4-4F6B-A241-D39AFB947D28}.Debug|Any CPU.ActiveCfg = Debug|Any CPU
		{D310C159-BDD4-4F6B-A241-D39AFB947D28}.Debug|Any CPU.Build.0 = Debug|Any CPU
		{D310C159-BDD4-4F6B-A241-D39AFB947D28}.Release|Any CPU.ActiveCfg = Release|Any CPU
		{D310C159-BDD4-4F6B-A241-D39AFB947D28}.Release|Any CPU.Build.0 = Release|Any CPU
		{56A7F0EE-D4CA-409D-AE2B-064780E60BC0}.Debug|Any CPU.ActiveCfg = Debug|Any CPU
		{56A7F0EE-D4CA-409D-AE2B-064780E60BC0}.Debug|Any CPU.Build.0 = Debug|Any CPU
		{56A7F0EE-D4CA-409D-AE2B-064780E60BC0}.Release|Any CPU.ActiveCfg = Release|Any CPU
		{56A7F0EE-D4CA-409D-AE2B-064780E60BC0}.Release|Any CPU.Build.0 = Release|Any CPU
		{976B383B-F2CC-43DB-9746-FB7C81B8C6F8}.Debug|Any CPU.ActiveCfg = Debug|Any CPU
		{976B383B-F2CC-43DB-9746-FB7C81B8C6F8}.Debug|Any CPU.Build.0 = Debug|Any CPU
		{976B383B-F2CC-43DB-9746-FB7C81B8C6F8}.Release|Any CPU.ActiveCfg = Release|Any CPU
		{976B383B-F2CC-43DB-9746-FB7C81B8C6F8}.Release|Any CPU.Build.0 = Release|Any CPU
		{8D593BC4-AE51-4470-8395-C91BD2776D2D}.Debug|Any CPU.ActiveCfg = Debug|Any CPU
		{8D593BC4-AE51-4470-8395-C91BD2776D2D}.Debug|Any CPU.Build.0 = Debug|Any CPU
		{8D593BC4-AE51-4470-8395-C91BD2776D2D}.Release|Any CPU.ActiveCfg = Release|Any CPU
		{8D593BC4-AE51-4470-8395-C91BD2776D2D}.Release|Any CPU.Build.0 = Release|Any CPU
		{95CC7CF1-2646-4FE6-A53D-FDF5FDF49E41}.Debug|Any CPU.ActiveCfg = Debug|Any CPU
		{95CC7CF1-2646-4FE6-A53D-FDF5FDF49E41}.Debug|Any CPU.Build.0 = Debug|Any CPU
		{95CC7CF1-2646-4FE6-A53D-FDF5FDF49E41}.Release|Any CPU.ActiveCfg = Release|Any CPU
		{95CC7CF1-2646-4FE6-A53D-FDF5FDF49E41}.Release|Any CPU.Build.0 = Release|Any CPU
		{886A5A50-85E4-4E7B-A3E1-A918AD29BAE1}.Debug|Any CPU.ActiveCfg = Debug|Any CPU
		{886A5A50-85E4-4E7B-A3E1-A918AD29BAE1}.Debug|Any CPU.Build.0 = Debug|Any CPU
		{886A5A50-85E4-4E7B-A3E1-A918AD29BAE1}.Release|Any CPU.ActiveCfg = Release|Any CPU
		{886A5A50-85E4-4E7B-A3E1-A918AD29BAE1}.Release|Any CPU.Build.0 = Release|Any CPU
		{FE18D75F-0C2C-4DAD-82B2-12F28BDD527C}.Debug|Any CPU.ActiveCfg = Debug|Any CPU
		{FE18D75F-0C2C-4DAD-82B2-12F28BDD527C}.Debug|Any CPU.Build.0 = Debug|Any CPU
		{FE18D75F-0C2C-4DAD-82B2-12F28BDD527C}.Release|Any CPU.ActiveCfg = Release|Any CPU
		{FE18D75F-0C2C-4DAD-82B2-12F28BDD527C}.Release|Any CPU.Build.0 = Release|Any CPU
		{AF949B9F-EE6D-4D73-8D2E-B6EE97F155AF}.Debug|Any CPU.ActiveCfg = Debug|Any CPU
		{AF949B9F-EE6D-4D73-8D2E-B6EE97F155AF}.Debug|Any CPU.Build.0 = Debug|Any CPU
		{AF949B9F-EE6D-4D73-8D2E-B6EE97F155AF}.Release|Any CPU.ActiveCfg = Release|Any CPU
		{AF949B9F-EE6D-4D73-8D2E-B6EE97F155AF}.Release|Any CPU.Build.0 = Release|Any CPU
		{7F92E12F-1E63-4F66-8A46-A79997F6C75A}.Debug|Any CPU.ActiveCfg = Debug|Any CPU
		{7F92E12F-1E63-4F66-8A46-A79997F6C75A}.Debug|Any CPU.Build.0 = Debug|Any CPU
		{7F92E12F-1E63-4F66-8A46-A79997F6C75A}.Release|Any CPU.ActiveCfg = Release|Any CPU
		{7F92E12F-1E63-4F66-8A46-A79997F6C75A}.Release|Any CPU.Build.0 = Release|Any CPU
	EndGlobalSection
	GlobalSection(SolutionProperties) = preSolution
		HideSolutionNode = FALSE
	EndGlobalSection
	GlobalSection(NestedProjects) = preSolution
		{2FEB06D5-5D0D-4373-88C2-8BFD3C0B9251} = {6087B4F6-F466-4C80-8812-132ECF848E3B}
		{56A7F0EE-D4CA-409D-AE2B-064780E60BC0} = {2FEB06D5-5D0D-4373-88C2-8BFD3C0B9251}
		{976B383B-F2CC-43DB-9746-FB7C81B8C6F8} = {2FEB06D5-5D0D-4373-88C2-8BFD3C0B9251}
		{B429459F-5D18-4DE4-8871-10B312D344F1} = {2FEB06D5-5D0D-4373-88C2-8BFD3C0B9251}
		{8D593BC4-AE51-4470-8395-C91BD2776D2D} = {B429459F-5D18-4DE4-8871-10B312D344F1}
		{886A5A50-85E4-4E7B-A3E1-A918AD29BAE1} = {2FEB06D5-5D0D-4373-88C2-8BFD3C0B9251}
		{789C7EC0-E956-4FD5-8BB3-08F464CD3BC3} = {6087B4F6-F466-4C80-8812-132ECF848E3B}
		{FE18D75F-0C2C-4DAD-82B2-12F28BDD527C} = {789C7EC0-E956-4FD5-8BB3-08F464CD3BC3}
		{AF949B9F-EE6D-4D73-8D2E-B6EE97F155AF} = {789C7EC0-E956-4FD5-8BB3-08F464CD3BC3}
		{7F92E12F-1E63-4F66-8A46-A79997F6C75A} = {789C7EC0-E956-4FD5-8BB3-08F464CD3BC3}
	EndGlobalSection
	GlobalSection(ExtensibilityGlobals) = postSolution
		SolutionGuid = {5BCA6A7F-AC34-4FB7-B531-96DD308C41CC}
	EndGlobalSection
EndGlobal
