
Microsoft Visual Studio Solution File, Format Version 12.00
# Visual Studio 15
VisualStudioVersion = 15.0.27428.2037
MinimumVisualStudioVersion = 10.0.40219.1
Project("{9A19103F-16F7-4668-BE54-9A1E7A4F7556}") = "Totem", "src\Totem\Totem.csproj", "{591C4A49-8193-4780-BEF3-F3420EC3C65C}"
EndProject
Project("{9A19103F-16F7-4668-BE54-9A1E7A4F7556}") = "Totem.Runtime", "src\Totem.Runtime\Totem.Runtime.csproj", "{2DF0CF1D-1949-4021-ADDC-7C9C898E87C6}"
EndProject
Project("{9A19103F-16F7-4668-BE54-9A1E7A4F7556}") = "Totem.Timeline", "src\Totem.Timeline\Totem.Timeline.csproj", "{2CE3E3CE-24FA-4D49-B7F2-DF90C3F382C9}"
EndProject
Project("{9A19103F-16F7-4668-BE54-9A1E7A4F7556}") = "Totem.Timeline.EventStore", "src\Totem.Timeline.EventStore\Totem.Timeline.EventStore.csproj", "{FC5AD829-C91E-4A67-9C2E-9536CDB2ECB2}"
EndProject
Project("{9A19103F-16F7-4668-BE54-9A1E7A4F7556}") = "Totem.Timeline.Mvc", "src\Totem.Timeline.Mvc\Totem.Timeline.Mvc.csproj", "{530B7EED-5695-4725-96D7-FEE6075F29B0}"
EndProject
Project("{9A19103F-16F7-4668-BE54-9A1E7A4F7556}") = "Totem.Timeline.SignalR", "src\Totem.Timeline.SignalR\Totem.Timeline.SignalR.csproj", "{D5457111-A91E-4C99-82FB-D25651DA4FF9}"
EndProject
Project("{9A19103F-16F7-4668-BE54-9A1E7A4F7556}") = "Totem.App.Service", "src\Totem.App.Service\Totem.App.Service.csproj", "{24E68249-6182-4FA2-8504-2973B1926FBA}"
EndProject
Project("{9A19103F-16F7-4668-BE54-9A1E7A4F7556}") = "Totem.App.Web", "src\Totem.App.Web\Totem.App.Web.csproj", "{608B4716-40D6-4A8C-8DBA-C49EB06B1984}"
EndProject
Project("{2150E333-8FDC-42A3-9474-1A3956D46DE8}") = "tests", "tests", "{61D62A6C-0B81-48F7-8204-76924E273C7D}"
EndProject
Project("{9A19103F-16F7-4668-BE54-9A1E7A4F7556}") = "Totem.Timeline.IntegrationTests", "tests\Totem.Timeline.IntegrationTests\Totem.Timeline.IntegrationTests.csproj", "{FA17F2BF-3BAD-4AC4-A970-16E7C81D2852}"
EndProject
Project("{9A19103F-16F7-4668-BE54-9A1E7A4F7556}") = "Totem.App.Tests", "src\Totem.App.Tests\Totem.App.Tests.csproj", "{AD26407A-1944-4507-A296-56338B4AF0EA}"
EndProject
Project("{9A19103F-16F7-4668-BE54-9A1E7A4F7556}") = "Totem.Timeline.StreamsDb", "src\Totem.Timeline.StreamsDb\Totem.Timeline.StreamsDb.csproj", "{29CF069B-FEA0-46F7-92BD-50F5DBF0F8EB}"
EndProject
Global
	GlobalSection(SolutionConfigurationPlatforms) = preSolution
		Debug|Any CPU = Debug|Any CPU
		Release|Any CPU = Release|Any CPU
	EndGlobalSection
	GlobalSection(ProjectConfigurationPlatforms) = postSolution
		{591C4A49-8193-4780-BEF3-F3420EC3C65C}.Debug|Any CPU.ActiveCfg = Debug|Any CPU
		{591C4A49-8193-4780-BEF3-F3420EC3C65C}.Debug|Any CPU.Build.0 = Debug|Any CPU
		{591C4A49-8193-4780-BEF3-F3420EC3C65C}.Release|Any CPU.ActiveCfg = Release|Any CPU
		{591C4A49-8193-4780-BEF3-F3420EC3C65C}.Release|Any CPU.Build.0 = Release|Any CPU
		{2DF0CF1D-1949-4021-ADDC-7C9C898E87C6}.Debug|Any CPU.ActiveCfg = Debug|Any CPU
		{2DF0CF1D-1949-4021-ADDC-7C9C898E87C6}.Debug|Any CPU.Build.0 = Debug|Any CPU
		{2DF0CF1D-1949-4021-ADDC-7C9C898E87C6}.Release|Any CPU.ActiveCfg = Release|Any CPU
		{2DF0CF1D-1949-4021-ADDC-7C9C898E87C6}.Release|Any CPU.Build.0 = Release|Any CPU
		{2CE3E3CE-24FA-4D49-B7F2-DF90C3F382C9}.Debug|Any CPU.ActiveCfg = Debug|Any CPU
		{2CE3E3CE-24FA-4D49-B7F2-DF90C3F382C9}.Debug|Any CPU.Build.0 = Debug|Any CPU
		{2CE3E3CE-24FA-4D49-B7F2-DF90C3F382C9}.Release|Any CPU.ActiveCfg = Release|Any CPU
		{2CE3E3CE-24FA-4D49-B7F2-DF90C3F382C9}.Release|Any CPU.Build.0 = Release|Any CPU
		{FC5AD829-C91E-4A67-9C2E-9536CDB2ECB2}.Debug|Any CPU.ActiveCfg = Debug|Any CPU
		{FC5AD829-C91E-4A67-9C2E-9536CDB2ECB2}.Debug|Any CPU.Build.0 = Debug|Any CPU
		{FC5AD829-C91E-4A67-9C2E-9536CDB2ECB2}.Release|Any CPU.ActiveCfg = Release|Any CPU
		{FC5AD829-C91E-4A67-9C2E-9536CDB2ECB2}.Release|Any CPU.Build.0 = Release|Any CPU
		{530B7EED-5695-4725-96D7-FEE6075F29B0}.Debug|Any CPU.ActiveCfg = Debug|Any CPU
		{530B7EED-5695-4725-96D7-FEE6075F29B0}.Debug|Any CPU.Build.0 = Debug|Any CPU
		{530B7EED-5695-4725-96D7-FEE6075F29B0}.Release|Any CPU.ActiveCfg = Release|Any CPU
		{530B7EED-5695-4725-96D7-FEE6075F29B0}.Release|Any CPU.Build.0 = Release|Any CPU
		{D5457111-A91E-4C99-82FB-D25651DA4FF9}.Debug|Any CPU.ActiveCfg = Debug|Any CPU
		{D5457111-A91E-4C99-82FB-D25651DA4FF9}.Debug|Any CPU.Build.0 = Debug|Any CPU
		{D5457111-A91E-4C99-82FB-D25651DA4FF9}.Release|Any CPU.ActiveCfg = Release|Any CPU
		{D5457111-A91E-4C99-82FB-D25651DA4FF9}.Release|Any CPU.Build.0 = Release|Any CPU
		{24E68249-6182-4FA2-8504-2973B1926FBA}.Debug|Any CPU.ActiveCfg = Debug|Any CPU
		{24E68249-6182-4FA2-8504-2973B1926FBA}.Debug|Any CPU.Build.0 = Debug|Any CPU
		{24E68249-6182-4FA2-8504-2973B1926FBA}.Release|Any CPU.ActiveCfg = Release|Any CPU
		{24E68249-6182-4FA2-8504-2973B1926FBA}.Release|Any CPU.Build.0 = Release|Any CPU
		{608B4716-40D6-4A8C-8DBA-C49EB06B1984}.Debug|Any CPU.ActiveCfg = Debug|Any CPU
		{608B4716-40D6-4A8C-8DBA-C49EB06B1984}.Debug|Any CPU.Build.0 = Debug|Any CPU
		{608B4716-40D6-4A8C-8DBA-C49EB06B1984}.Release|Any CPU.ActiveCfg = Release|Any CPU
		{608B4716-40D6-4A8C-8DBA-C49EB06B1984}.Release|Any CPU.Build.0 = Release|Any CPU
		{FA17F2BF-3BAD-4AC4-A970-16E7C81D2852}.Debug|Any CPU.ActiveCfg = Debug|Any CPU
		{FA17F2BF-3BAD-4AC4-A970-16E7C81D2852}.Debug|Any CPU.Build.0 = Debug|Any CPU
		{FA17F2BF-3BAD-4AC4-A970-16E7C81D2852}.Release|Any CPU.ActiveCfg = Release|Any CPU
		{FA17F2BF-3BAD-4AC4-A970-16E7C81D2852}.Release|Any CPU.Build.0 = Release|Any CPU
		{AD26407A-1944-4507-A296-56338B4AF0EA}.Debug|Any CPU.ActiveCfg = Debug|Any CPU
		{AD26407A-1944-4507-A296-56338B4AF0EA}.Debug|Any CPU.Build.0 = Debug|Any CPU
		{AD26407A-1944-4507-A296-56338B4AF0EA}.Release|Any CPU.ActiveCfg = Release|Any CPU
		{AD26407A-1944-4507-A296-56338B4AF0EA}.Release|Any CPU.Build.0 = Release|Any CPU
		{29CF069B-FEA0-46F7-92BD-50F5DBF0F8EB}.Debug|Any CPU.ActiveCfg = Debug|Any CPU
		{29CF069B-FEA0-46F7-92BD-50F5DBF0F8EB}.Debug|Any CPU.Build.0 = Debug|Any CPU
		{29CF069B-FEA0-46F7-92BD-50F5DBF0F8EB}.Release|Any CPU.ActiveCfg = Release|Any CPU
		{29CF069B-FEA0-46F7-92BD-50F5DBF0F8EB}.Release|Any CPU.Build.0 = Release|Any CPU
	EndGlobalSection
	GlobalSection(SolutionProperties) = preSolution
		HideSolutionNode = FALSE
	EndGlobalSection
	GlobalSection(NestedProjects) = preSolution
		{FA17F2BF-3BAD-4AC4-A970-16E7C81D2852} = {61D62A6C-0B81-48F7-8204-76924E273C7D}
	EndGlobalSection
	GlobalSection(ExtensibilityGlobals) = postSolution
		SolutionGuid = {8A4B0755-4E1A-46B2-A3CF-245702E48290}
	EndGlobalSection
EndGlobal
